
Microsoft Visual Studio Solution File, Format Version 12.00
# Visual Studio 15
VisualStudioVersion = 15.0.28307.271
MinimumVisualStudioVersion = 10.0.40219.1
Project("{FAE04EC0-301F-11D3-BF4B-00C04F79EFBC}") = "EyeTestABB", "EyeTestABB\EyeTestABB.csproj", "{BC46F544-AABE-443C-B60C-6B5DB0AFEA36}"
EndProject
Global
	GlobalSection(SolutionConfigurationPlatforms) = preSolution
		Debug|Any CPU = Debug|Any CPU
		Release|Any CPU = Release|Any CPU
	EndGlobalSection
	GlobalSection(ProjectConfigurationPlatforms) = postSolution
		{BC46F544-AABE-443C-B60C-6B5DB0AFEA36}.Debug|Any CPU.ActiveCfg = Debug|Any CPU
		{BC46F544-AABE-443C-B60C-6B5DB0AFEA36}.Debug|Any CPU.Build.0 = Debug|Any CPU
		{BC46F544-AABE-443C-B60C-6B5DB0AFEA36}.Release|Any CPU.ActiveCfg = Release|Any CPU
		{BC46F544-AABE-443C-B60C-6B5DB0AFEA36}.Release|Any CPU.Build.0 = Release|Any CPU
	EndGlobalSection
	GlobalSection(SolutionProperties) = preSolution
		HideSolutionNode = FALSE
	EndGlobalSection
	GlobalSection(ExtensibilityGlobals) = postSolution
		SolutionGuid = {022FC4CE-89CE-48D0-BCF0-31D7A92D3385}
	EndGlobalSection
EndGlobal
